
Microsoft Visual Studio Solution File, Format Version 12.00
# Visual Studio Version 16
VisualStudioVersion = 16.0.34031.81
MinimumVisualStudioVersion = 10.0.40219.1
Project("{8BC9CEB8-8B4A-11D0-8D11-00A0C91BC942}") = "Tiuiu.SikachevaEA.ReviewSprint1", "Tiuiu.SikachevaEA.ReviewSprint1\Tiuiu.SikachevaEA.ReviewSprint1.vcxproj", "{666DAFB1-0BD0-4963-AC9F-559E87015CF5}"
EndProject
Project("{FAE04EC0-301F-11D3-BF4B-00C04F79EFBC}") = "Tiuiu.SikachevaEA.ReviewSprint1.V22", "Tiuiu.SikachevaEA.ReviewSprint1.V22\Tiuiu.SikachevaEA.ReviewSprint1.V22.csproj", "{66728A25-A9D5-462D-8D92-FE775AB287CF}"
EndProject
Project("{FAE04EC0-301F-11D3-BF4B-00C04F79EFBC}") = "Tiuiu.SikachevaEA.ReviewSprint1.V22.Lib", "Tiuiu.SikachevaEA.ReviewSprint1.V22.Lib\Tiuiu.SikachevaEA.ReviewSprint1.V22.Lib.csproj", "{12954DFE-423F-4274-BC17-11E76BB42719}"
EndProject
Project("{FAE04EC0-301F-11D3-BF4B-00C04F79EFBC}") = "Tiuiu.SikachevaEA.ReviewSprint1.V22.Test", "Tiuiu.SikachevaEA.ReviewSprint1.V22.Test\Tiuiu.SikachevaEA.ReviewSprint1.V22.Test.csproj", "{ED0D620A-F505-48F7-BCE9-3DB39184ED04}"
EndProject
Global
	GlobalSection(SolutionConfigurationPlatforms) = preSolution
		Debug|Any CPU = Debug|Any CPU
		Debug|x64 = Debug|x64
		Debug|x86 = Debug|x86
		Release|Any CPU = Release|Any CPU
		Release|x64 = Release|x64
		Release|x86 = Release|x86
	EndGlobalSection
	GlobalSection(ProjectConfigurationPlatforms) = postSolution
		{666DAFB1-0BD0-4963-AC9F-559E87015CF5}.Debug|Any CPU.ActiveCfg = Debug|Win32
		{666DAFB1-0BD0-4963-AC9F-559E87015CF5}.Debug|x64.ActiveCfg = Debug|x64
		{666DAFB1-0BD0-4963-AC9F-559E87015CF5}.Debug|x64.Build.0 = Debug|x64
		{666DAFB1-0BD0-4963-AC9F-559E87015CF5}.Debug|x86.ActiveCfg = Debug|Win32
		{666DAFB1-0BD0-4963-AC9F-559E87015CF5}.Debug|x86.Build.0 = Debug|Win32
		{666DAFB1-0BD0-4963-AC9F-559E87015CF5}.Release|Any CPU.ActiveCfg = Release|Win32
		{666DAFB1-0BD0-4963-AC9F-559E87015CF5}.Release|x64.ActiveCfg = Release|x64
		{666DAFB1-0BD0-4963-AC9F-559E87015CF5}.Release|x64.Build.0 = Release|x64
		{666DAFB1-0BD0-4963-AC9F-559E87015CF5}.Release|x86.ActiveCfg = Release|Win32
		{666DAFB1-0BD0-4963-AC9F-559E87015CF5}.Release|x86.Build.0 = Release|Win32
		{66728A25-A9D5-462D-8D92-FE775AB287CF}.Debug|Any CPU.ActiveCfg = Debug|Any CPU
		{66728A25-A9D5-462D-8D92-FE775AB287CF}.Debug|Any CPU.Build.0 = Debug|Any CPU
		{66728A25-A9D5-462D-8D92-FE775AB287CF}.Debug|x64.ActiveCfg = Debug|Any CPU
		{66728A25-A9D5-462D-8D92-FE775AB287CF}.Debug|x64.Build.0 = Debug|Any CPU
		{66728A25-A9D5-462D-8D92-FE775AB287CF}.Debug|x86.ActiveCfg = Debug|Any CPU
		{66728A25-A9D5-462D-8D92-FE775AB287CF}.Debug|x86.Build.0 = Debug|Any CPU
		{66728A25-A9D5-462D-8D92-FE775AB287CF}.Release|Any CPU.ActiveCfg = Release|Any CPU
		{66728A25-A9D5-462D-8D92-FE775AB287CF}.Release|Any CPU.Build.0 = Release|Any CPU
		{66728A25-A9D5-462D-8D92-FE775AB287CF}.Release|x64.ActiveCfg = Release|Any CPU
		{66728A25-A9D5-462D-8D92-FE775AB287CF}.Release|x64.Build.0 = Release|Any CPU
		{66728A25-A9D5-462D-8D92-FE775AB287CF}.Release|x86.ActiveCfg = Release|Any CPU
		{66728A25-A9D5-462D-8D92-FE775AB287CF}.Release|x86.Build.0 = Release|Any CPU
		{12954DFE-423F-4274-BC17-11E76BB42719}.Debug|Any CPU.ActiveCfg = Debug|Any CPU
		{12954DFE-423F-4274-BC17-11E76BB42719}.Debug|Any CPU.Build.0 = Debug|Any CPU
		{12954DFE-423F-4274-BC17-11E76BB42719}.Debug|x64.ActiveCfg = Debug|Any CPU
		{12954DFE-423F-4274-BC17-11E76BB42719}.Debug|x64.Build.0 = Debug|Any CPU
		{12954DFE-423F-4274-BC17-11E76BB42719}.Debug|x86.ActiveCfg = Debug|Any CPU
		{12954DFE-423F-4274-BC17-11E76BB42719}.Debug|x86.Build.0 = Debug|Any CPU
		{12954DFE-423F-4274-BC17-11E76BB42719}.Release|Any CPU.ActiveCfg = Release|Any CPU
		{12954DFE-423F-4274-BC17-11E76BB42719}.Release|Any CPU.Build.0 = Release|Any CPU
		{12954DFE-423F-4274-BC17-11E76BB42719}.Release|x64.ActiveCfg = Release|Any CPU
		{12954DFE-423F-4274-BC17-11E76BB42719}.Release|x64.Build.0 = Release|Any CPU
		{12954DFE-423F-4274-BC17-11E76BB42719}.Release|x86.ActiveCfg = Release|Any CPU
		{12954DFE-423F-4274-BC17-11E76BB42719}.Release|x86.Build.0 = Release|Any CPU
		{ED0D620A-F505-48F7-BCE9-3DB39184ED04}.Debug|Any CPU.ActiveCfg = Debug|Any CPU
		{ED0D620A-F505-48F7-BCE9-3DB39184ED04}.Debug|Any CPU.Build.0 = Debug|Any CPU
		{ED0D620A-F505-48F7-BCE9-3DB39184ED04}.Debug|x64.ActiveCfg = Debug|Any CPU
		{ED0D620A-F505-48F7-BCE9-3DB39184ED04}.Debug|x64.Build.0 = Debug|Any CPU
		{ED0D620A-F505-48F7-BCE9-3DB39184ED04}.Debug|x86.ActiveCfg = Debug|Any CPU
		{ED0D620A-F505-48F7-BCE9-3DB39184ED04}.Debug|x86.Build.0 = Debug|Any CPU
		{ED0D620A-F505-48F7-BCE9-3DB39184ED04}.Release|Any CPU.ActiveCfg = Release|Any CPU
		{ED0D620A-F505-48F7-BCE9-3DB39184ED04}.Release|Any CPU.Build.0 = Release|Any CPU
		{ED0D620A-F505-48F7-BCE9-3DB39184ED04}.Release|x64.ActiveCfg = Release|Any CPU
		{ED0D620A-F505-48F7-BCE9-3DB39184ED04}.Release|x64.Build.0 = Release|Any CPU
		{ED0D620A-F505-48F7-BCE9-3DB39184ED04}.Release|x86.ActiveCfg = Release|Any CPU
		{ED0D620A-F505-48F7-BCE9-3DB39184ED04}.Release|x86.Build.0 = Release|Any CPU
	EndGlobalSection
	GlobalSection(SolutionProperties) = preSolution
		HideSolutionNode = FALSE
	EndGlobalSection
	GlobalSection(ExtensibilityGlobals) = postSolution
		SolutionGuid = {07FD4017-484B-4F18-BC4F-DFD85747A598}
	EndGlobalSection
EndGlobal
